<?xml version="1.0" encoding="utf-8"?>
<Project ToolsVersion="4.0" xmlns="http://schemas.microsoft.com/developer/msbuild/2003">
  <ItemGroup>
    <ClCompile Include="src\expression_compiler.cpp" />
    <ClCompile Include="src\expression_parser.cpp" />
    <ClCompile Include="src\expression_stacks.cpp" />
    <ClCompile Include="src\functions_real.cpp" />
    <ClCompile Include="src\lexer.cpp" />
    <ClCompile Include="src\operand.cpp" />
    <ClCompile Include="src\operation.cpp" />
    <ClCompile Include="src\operation_compiler.cpp" />
    <ClCompile Include="src\operators_calc.cpp" />
    <ClCompile Include="src\tokens.cpp" />
  </ItemGroup>
  <ItemGroup>
    <ClInclude Include="src\expression_compiler.h" />
    <ClInclude Include="src\expression_parser.h" />
    <ClInclude Include="src\expression_stacks.h" />
    <ClInclude Include="src\functions_real.h" />
    <ClInclude Include="src\lexer.h" />
    <ClInclude Include="src\operand.h" />
    <ClInclude Include="src\operation.h" />
    <ClInclude Include="src\operation_compiler.h" />
    <ClInclude Include="src\operators_calc.h" />
    <ClInclude Include="src\terminals.h" />
    <ClInclude Include="src\tokens.h" />
  </ItemGroup>
</Project>